
Microsoft Visual Studio Solution File, Format Version 12.00
# Visual Studio Version 17
VisualStudioVersion = 17.14.36109.1 d17.14
MinimumVisualStudioVersion = 10.0.40219.1
Project("{FAE04EC0-301F-11D3-BF4B-00C04F79EFBC}") = "WorldForge.Web", "WorldForge.Web\WorldForge.Web.csproj", "{3938798B-A1EA-4223-B4B9-1F718BE5F69A}"
EndProject
Global
	GlobalSection(SolutionConfigurationPlatforms) = preSolution
		Debug|Any CPU = Debug|Any CPU
		Release|Any CPU = Release|Any CPU
	EndGlobalSection
	GlobalSection(ProjectConfigurationPlatforms) = postSolution
		{3938798B-A1EA-4223-B4B9-1F718BE5F69A}.Debug|Any CPU.ActiveCfg = Debug|Any CPU
		{3938798B-A1EA-4223-B4B9-1F718BE5F69A}.Debug|Any CPU.Build.0 = Debug|Any CPU
		{3938798B-A1EA-4223-B4B9-1F718BE5F69A}.Release|Any CPU.ActiveCfg = Release|Any CPU
		{3938798B-A1EA-4223-B4B9-1F718BE5F69A}.Release|Any CPU.Build.0 = Release|Any CPU
	EndGlobalSection
	GlobalSection(SolutionProperties) = preSolution
		HideSolutionNode = FALSE
	EndGlobalSection
	GlobalSection(ExtensibilityGlobals) = postSolution
		SolutionGuid = {080AFF59-7D6B-441F-84EA-1F1690E38DF1}
	EndGlobalSection
EndGlobal
